// !$*UTF8*$!
{
	archiveVersion = 1;
	classes = {
	};
	objectVersion = 46;
	objects = {

/* Begin PBXBuildFile section */
		A00016B11D80B4970092A820 /* AppDelegate.swift in Sources */ = {isa = PBXBuildFile; fileRef = A00016B01D80B4970092A820 /* AppDelegate.swift */; };
		A00016B31D80B4970092A820 /* ViewController.swift in Sources */ = {isa = PBXBuildFile; fileRef = A00016B21D80B4970092A820 /* ViewController.swift */; };
		A00016B61D80B4980092A820 /* Main.storyboard in Resources */ = {isa = PBXBuildFile; fileRef = A00016B41D80B4980092A820 /* Main.storyboard */; };
		A00016B81D80B4980092A820 /* Assets.xcassets in Resources */ = {isa = PBXBuildFile; fileRef = A00016B71D80B4980092A820 /* Assets.xcassets */; };
		A00016BB1D80B4980092A820 /* LaunchScreen.storyboard in Resources */ = {isa = PBXBuildFile; fileRef = A00016B91D80B4980092A820 /* LaunchScreen.storyboard */; };
		A00016C61D80B4980092A820 /* PitchPerfectTests.swift in Sources */ = {isa = PBXBuildFile; fileRef = A00016C51D80B4980092A820 /* PitchPerfectTests.swift */; };
		A00016D11D80B4980092A820 /* PitchPerfectUITests.swift in Sources */ = {isa = PBXBuildFile; fileRef = A00016D01D80B4980092A820 /* PitchPerfectUITests.swift */; };
		A011F4F91D81ED8F00DA470D /* PlaySoundsViewController.swift in Sources */ = {isa = PBXBuildFile; fileRef = A011F4F81D81ED8F00DA470D /* PlaySoundsViewController.swift */; };
		A092CFBC1D8341F200C75EBD /* PlaySoundsViewController+Audio.swift in Sources */ = {isa = PBXBuildFile; fileRef = A092CFBB1D8341F200C75EBD /* PlaySoundsViewController+Audio.swift */; };
/* End PBXBuildFile section */

/* Begin PBXContainerItemProxy section */
		A00016C21D80B4980092A820 /* PBXContainerItemProxy */ = {
			isa = PBXContainerItemProxy;
			containerPortal = A00016A51D80B4970092A820 /* Project object */;
			proxyType = 1;
			remoteGlobalIDString = A00016AC1D80B4970092A820;
			remoteInfo = PitchPerfect;
		};
		A00016CD1D80B4980092A820 /* PBXContainerItemProxy */ = {
			isa = PBXContainerItemProxy;
			containerPortal = A00016A51D80B4970092A820 /* Project object */;
			proxyType = 1;
			remoteGlobalIDString = A00016AC1D80B4970092A820;
			remoteInfo = PitchPerfect;
		};
/* End PBXContainerItemProxy section */

/* Begin PBXFileReference section */
		A00016AD1D80B4970092A820 /* PitchPerfect.app */ = {isa = PBXFileReference; explicitFileType = wrapper.application; includeInIndex = 0; path = PitchPerfect.app; sourceTree = BUILT_PRODUCTS_DIR; };
		A00016B01D80B4970092A820 /* AppDelegate.swift */ = {isa = PBXFileReference; lastKnownFileType = sourcecode.swift; path = AppDelegate.swift; sourceTree = "<group>"; };
		A00016B21D80B4970092A820 /* ViewController.swift */ = {isa = PBXFileReference; lastKnownFileType = sourcecode.swift; path = ViewController.swift; sourceTree = "<group>"; };
		A00016B51D80B4980092A820 /* Base */ = {isa = PBXFileReference; lastKnownFileType = file.storyboard; name = Base; path = Base.lproj/Main.storyboard; sourceTree = "<group>"; };
		A00016B71D80B4980092A820 /* Assets.xcassets */ = {isa = PBXFileReference; lastKnownFileType = folder.assetcatalog; path = Assets.xcassets; sourceTree = "<group>"; };
		A00016BA1D80B4980092A820 /* Base */ = {isa = PBXFileReference; lastKnownFileType = file.storyboard; name = Base; path = Base.lproj/LaunchScreen.storyboard; sourceTree = "<group>"; };
		A00016BC1D80B4980092A820 /* Info.plist */ = {isa = PBXFileReference; lastKnownFileType = text.plist.xml; path = Info.plist; sourceTree = "<group>"; };
		A00016C11D80B4980092A820 /* PitchPerfectTests.xctest */ = {isa = PBXFileReference; explicitFileType = wrapper.cfbundle; includeInIndex = 0; path = PitchPerfectTests.xctest; sourceTree = BUILT_PRODUCTS_DIR; };
		A00016C51D80B4980092A820 /* PitchPerfectTests.swift */ = {isa = PBXFileReference; lastKnownFileType = sourcecode.swift; path = PitchPerfectTests.swift; sourceTree = "<group>"; };
		A00016C71D80B4980092A820 /* Info.plist */ = {isa = PBXFileReference; lastKnownFileType = text.plist.xml; path = Info.plist; sourceTree = "<group>"; };
		A00016CC1D80B4980092A820 /* PitchPerfectUITests.xctest */ = {isa = PBXFileReference; explicitFileType = wrapper.cfbundle; includeInIndex = 0; path = PitchPerfectUITests.xctest; sourceTree = BUILT_PRODUCTS_DIR; };
		A00016D01D80B4980092A820 /* PitchPerfectUITests.swift */ = {isa = PBXFileReference; lastKnownFileType = sourcecode.swift; path = PitchPerfectUITests.swift; sourceTree = "<group>"; };
		A00016D21D80B4980092A820 /* Info.plist */ = {isa = PBXFileReference; lastKnownFileType = text.plist.xml; path = Info.plist; sourceTree = "<group>"; };
		A011F4F81D81ED8F00DA470D /* PlaySoundsViewController.swift */ = {isa = PBXFileReference; fileEncoding = 4; lastKnownFileType = sourcecode.swift; path = PlaySoundsViewController.swift; sourceTree = "<group>"; };
		A092CFBB1D8341F200C75EBD /* PlaySoundsViewController+Audio.swift */ = {isa = PBXFileReference; fileEncoding = 4; lastKnownFileType = sourcecode.swift; path = "PlaySoundsViewController+Audio.swift"; sourceTree = "<group>"; };
/* End PBXFileReference section */

/* Begin PBXFrameworksBuildPhase section */
		A00016AA1D80B4970092A820 /* Frameworks */ = {
			isa = PBXFrameworksBuildPhase;
			buildActionMask = 2147483647;
			files = (
			);
			runOnlyForDeploymentPostprocessing = 0;
		};
		A00016BE1D80B4980092A820 /* Frameworks */ = {
			isa = PBXFrameworksBuildPhase;
			buildActionMask = 2147483647;
			files = (
			);
			runOnlyForDeploymentPostprocessing = 0;
		};
		A00016C91D80B4980092A820 /* Frameworks */ = {
			isa = PBXFrameworksBuildPhase;
			buildActionMask = 2147483647;
			files = (
			);
			runOnlyForDeploymentPostprocessing = 0;
		};
/* End PBXFrameworksBuildPhase section */

/* Begin PBXGroup section */
		A00016A41D80B4970092A820 = {
			isa = PBXGroup;
			children = (
				A00016AF1D80B4970092A820 /* PitchPerfect */,
				A00016C41D80B4980092A820 /* PitchPerfectTests */,
				A00016CF1D80B4980092A820 /* PitchPerfectUITests */,
				A00016AE1D80B4970092A820 /* Products */,
			);
			sourceTree = "<group>";
		};
		A00016AE1D80B4970092A820 /* Products */ = {
			isa = PBXGroup;
			children = (
				A00016AD1D80B4970092A820 /* PitchPerfect.app */,
				A00016C11D80B4980092A820 /* PitchPerfectTests.xctest */,
				A00016CC1D80B4980092A820 /* PitchPerfectUITests.xctest */,
			);
			name = Products;
			sourceTree = "<group>";
		};
		A00016AF1D80B4970092A820 /* PitchPerfect */ = {
			isa = PBXGroup;
			children = (
				A00016B01D80B4970092A820 /* AppDelegate.swift */,
				A00016B21D80B4970092A820 /* ViewController.swift */,
				A00016B41D80B4980092A820 /* Main.storyboard */,
				A092CFBB1D8341F200C75EBD /* PlaySoundsViewController+Audio.swift */,
				A011F4F81D81ED8F00DA470D /* PlaySoundsViewController.swift */,
				A00016B71D80B4980092A820 /* Assets.xcassets */,
				A00016B91D80B4980092A820 /* LaunchScreen.storyboard */,
				A00016BC1D80B4980092A820 /* Info.plist */,
			);
			path = PitchPerfect;
			sourceTree = "<group>";
		};
		A00016C41D80B4980092A820 /* PitchPerfectTests */ = {
			isa = PBXGroup;
			children = (
				A00016C51D80B4980092A820 /* PitchPerfectTests.swift */,
				A00016C71D80B4980092A820 /* Info.plist */,
			);
			path = PitchPerfectTests;
			sourceTree = "<group>";
		};
		A00016CF1D80B4980092A820 /* PitchPerfectUITests */ = {
			isa = PBXGroup;
			children = (
				A00016D01D80B4980092A820 /* PitchPerfectUITests.swift */,
				A00016D21D80B4980092A820 /* Info.plist */,
			);
			path = PitchPerfectUITests;
			sourceTree = "<group>";
		};
/* End PBXGroup section */

/* Begin PBXNativeTarget section */
		A00016AC1D80B4970092A820 /* PitchPerfect */ = {
			isa = PBXNativeTarget;
			buildConfigurationList = A00016D51D80B4980092A820 /* Build configuration list for PBXNativeTarget "PitchPerfect" */;
			buildPhases = (
				A00016A91D80B4970092A820 /* Sources */,
				A00016AA1D80B4970092A820 /* Frameworks */,
				A00016AB1D80B4970092A820 /* Resources */,
			);
			buildRules = (
			);
			dependencies = (
			);
			name = PitchPerfect;
			productName = PitchPerfect;
			productReference = A00016AD1D80B4970092A820 /* PitchPerfect.app */;
			productType = "com.apple.product-type.application";
		};
		A00016C01D80B4980092A820 /* PitchPerfectTests */ = {
			isa = PBXNativeTarget;
			buildConfigurationList = A00016D81D80B4980092A820 /* Build configuration list for PBXNativeTarget "PitchPerfectTests" */;
			buildPhases = (
				A00016BD1D80B4980092A820 /* Sources */,
				A00016BE1D80B4980092A820 /* Frameworks */,
				A00016BF1D80B4980092A820 /* Resources */,
			);
			buildRules = (
			);
			dependencies = (
				A00016C31D80B4980092A820 /* PBXTargetDependency */,
			);
			name = PitchPerfectTests;
			productName = PitchPerfectTests;
			productReference = A00016C11D80B4980092A820 /* PitchPerfectTests.xctest */;
			productType = "com.apple.product-type.bundle.unit-test";
		};
		A00016CB1D80B4980092A820 /* PitchPerfectUITests */ = {
			isa = PBXNativeTarget;
			buildConfigurationList = A00016DB1D80B4980092A820 /* Build configuration list for PBXNativeTarget "PitchPerfectUITests" */;
			buildPhases = (
				A00016C81D80B4980092A820 /* Sources */,
				A00016C91D80B4980092A820 /* Frameworks */,
				A00016CA1D80B4980092A820 /* Resources */,
			);
			buildRules = (
			);
			dependencies = (
				A00016CE1D80B4980092A820 /* PBXTargetDependency */,
			);
			name = PitchPerfectUITests;
			productName = PitchPerfectUITests;
			productReference = A00016CC1D80B4980092A820 /* PitchPerfectUITests.xctest */;
			productType = "com.apple.product-type.bundle.ui-testing";
		};
/* End PBXNativeTarget section */

/* Begin PBXProject section */
		A00016A51D80B4970092A820 /* Project object */ = {
			isa = PBXProject;
			attributes = {
				LastSwiftUpdateCheck = 0730;
				LastUpgradeCheck = 0730;
				ORGANIZATIONNAME = "Raghav Khurana";
				TargetAttributes = {
					A00016AC1D80B4970092A820 = {
						CreatedOnToolsVersion = 7.3.1;
						DevelopmentTeam = 63EK23QX75;
					};
					A00016C01D80B4980092A820 = {
						CreatedOnToolsVersion = 7.3.1;
						TestTargetID = A00016AC1D80B4970092A820;
					};
					A00016CB1D80B4980092A820 = {
						CreatedOnToolsVersion = 7.3.1;
						TestTargetID = A00016AC1D80B4970092A820;
					};
				};
			};
			buildConfigurationList = A00016A81D80B4970092A820 /* Build configuration list for PBXProject "PitchPerfect" */;
			compatibilityVersion = "Xcode 3.2";
			developmentRegion = English;
			hasScannedForEncodings = 0;
			knownRegions = (
				en,
				Base,
			);
			mainGroup = A00016A41D80B4970092A820;
			productRefGroup = A00016AE1D80B4970092A820 /* Products */;
			projectDirPath = "";
			projectRoot = "";
			targets = (
				A00016AC1D80B4970092A820 /* PitchPerfect */,
				A00016C01D80B4980092A820 /* PitchPerfectTests */,
				A00016CB1D80B4980092A820 /* PitchPerfectUITests */,
			);
		};
/* End PBXProject section */

/* Begin PBXResourcesBuildPhase section */
		A00016AB1D80B4970092A820 /* Resources */ = {
			isa = PBXResourcesBuildPhase;
			buildActionMask = 2147483647;
			files = (
				A00016BB1D80B4980092A820 /* LaunchScreen.storyboard in Resources */,
				A00016B81D80B4980092A820 /* Assets.xcassets in Resources */,
				A00016B61D80B4980092A820 /* Main.storyboard in Resources */,
			);
			runOnlyForDeploymentPostprocessing = 0;
		};
		A00016BF1D80B4980092A820 /* Resources */ = {
			isa = PBXResourcesBuildPhase;
			buildActionMask = 2147483647;
			files = (
			);
			runOnlyForDeploymentPostprocessing = 0;
		};
		A00016CA1D80B4980092A820 /* Resources */ = {
			isa = PBXResourcesBuildPhase;
			buildActionMask = 2147483647;
			files = (
			);
			runOnlyForDeploymentPostprocessing = 0;
		};
/* End PBXResourcesBuildPhase section */

/* Begin PBXSourcesBuildPhase section */
		A00016A91D80B4970092A820 /* Sources */ = {
			isa = PBXSourcesBuildPhase;
			buildActionMask = 2147483647;
			files = (
				A00016B31D80B4970092A820 /* ViewController.swift in Sources */,
				A092CFBC1D8341F200C75EBD /* PlaySoundsViewController+Audio.swift in Sources */,
				A011F4F91D81ED8F00DA470D /* PlaySoundsViewController.swift in Sources */,
				A00016B11D80B4970092A820 /* AppDelegate.swift in Sources */,
			);
			runOnlyForDeploymentPostprocessing = 0;
		};
		A00016BD1D80B4980092A820 /* Sources */ = {
			isa = PBXSourcesBuildPhase;
			buildActionMask = 2147483647;
			files = (
				A00016C61D80B4980092A820 /* PitchPerfectTests.swift in Sources */,
			);
			runOnlyForDeploymentPostprocessing = 0;
		};
		A00016C81D80B4980092A820 /* Sources */ = {
			isa = PBXSourcesBuildPhase;
			buildActionMask = 2147483647;
			files = (
				A00016D11D80B4980092A820 /* PitchPerfectUITests.swift in Sources */,
			);
			runOnlyForDeploymentPostprocessing = 0;
		};
/* End PBXSourcesBuildPhase section */

/* Begin PBXTargetDependency section */
		A00016C31D80B4980092A820 /* PBXTargetDependency */ = {
			isa = PBXTargetDependency;
			target = A00016AC1D80B4970092A820 /* PitchPerfect */;
			targetProxy = A00016C21D80B4980092A820 /* PBXContainerItemProxy */;
		};
		A00016CE1D80B4980092A820 /* PBXTargetDependency */ = {
			isa = PBXTargetDependency;
			target = A00016AC1D80B4970092A820 /* PitchPerfect */;
			targetProxy = A00016CD1D80B4980092A820 /* PBXContainerItemProxy */;
		};
/* End PBXTargetDependency section */

/* Begin PBXVariantGroup section */
		A00016B41D80B4980092A820 /* Main.storyboard */ = {
			isa = PBXVariantGroup;
			children = (
				A00016B51D80B4980092A820 /* Base */,
			);
			name = Main.storyboard;
			sourceTree = "<group>";
		};
		A00016B91D80B4980092A820 /* LaunchScreen.storyboard */ = {
			isa = PBXVariantGroup;
			children = (
				A00016BA1D80B4980092A820 /* Base */,
			);
			name = LaunchScreen.storyboard;
			sourceTree = "<group>";
		};
/* End PBXVariantGroup section */

/* Begin XCBuildConfiguration section */
		A00016D31D80B4980092A820 /* Debug */ = {
			isa = XCBuildConfiguration;
			buildSettings = {
				ALWAYS_SEARCH_USER_PATHS = NO;
				CLANG_ANALYZER_NONNULL = YES;
				CLANG_CXX_LANGUAGE_STANDARD = "gnu++0x";
				CLANG_CXX_LIBRARY = "libc++";
				CLANG_ENABLE_MODULES = YES;
				CLANG_ENABLE_OBJC_ARC = YES;
				CLANG_WARN_BOOL_CONVERSION = YES;
				CLANG_WARN_CONSTANT_CONVERSION = YES;
				CLANG_WARN_DIRECT_OBJC_ISA_USAGE = YES_ERROR;
				CLANG_WARN_EMPTY_BODY = YES;
				CLANG_WARN_ENUM_CONVERSION = YES;
				CLANG_WARN_INT_CONVERSION = YES;
				CLANG_WARN_OBJC_ROOT_CLASS = YES_ERROR;
				CLANG_WARN_UNREACHABLE_CODE = YES;
				CLANG_WARN__DUPLICATE_METHOD_MATCH = YES;
				"CODE_SIGN_IDENTITY[sdk=iphoneos*]" = "iPhone Developer";
				COPY_PHASE_STRIP = NO;
				DEBUG_INFORMATION_FORMAT = dwarf;
				ENABLE_STRICT_OBJC_MSGSEND = YES;
				ENABLE_TESTABILITY = YES;
				GCC_C_LANGUAGE_STANDARD = gnu99;
				GCC_DYNAMIC_NO_PIC = NO;
				GCC_NO_COMMON_BLOCKS = YES;
				GCC_OPTIMIZATION_LEVEL = 0;
				GCC_PREPROCESSOR_DEFINITIONS = (
					"DEBUG=1",
					"$(inherited)",
				);
				GCC_WARN_64_TO_32_BIT_CONVERSION = YES;
				GCC_WARN_ABOUT_RETURN_TYPE = YES_ERROR;
				GCC_WARN_UNDECLARED_SELECTOR = YES;
				GCC_WARN_UNINITIALIZED_AUTOS = YES_AGGRESSIVE;
				GCC_WARN_UNUSED_FUNCTION = YES;
				GCC_WARN_UNUSED_VARIABLE = YES;
				IPHONEOS_DEPLOYMENT_TARGET = 9.3;
				MTL_ENABLE_DEBUG_INFO = YES;
				ONLY_ACTIVE_ARCH = YES;
				SDKROOT = iphoneos;
				SWIFT_OPTIMIZATION_LEVEL = "-Onone";
				TARGETED_DEVICE_FAMILY = "1,2";
			};
			name = Debug;
		};
		A00016D41D80B4980092A820 /* Release */ = {
			isa = XCBuildConfiguration;
			buildSettings = {
				ALWAYS_SEARCH_USER_PATHS = NO;
				CLANG_ANALYZER_NONNULL = YES;
				CLANG_CXX_LANGUAGE_STANDARD = "gnu++0x";
				CLANG_CXX_LIBRARY = "libc++";
				CLANG_ENABLE_MODULES = YES;
				CLANG_ENABLE_OBJC_ARC = YES;
				CLANG_WARN_BOOL_CONVERSION = YES;
				CLANG_WARN_CONSTANT_CONVERSION = YES;
				CLANG_WARN_DIRECT_OBJC_ISA_USAGE = YES_ERROR;
				CLANG_WARN_EMPTY_BODY = YES;
				CLANG_WARN_ENUM_CONVERSION = YES;
				CLANG_WARN_INT_CONVERSION = YES;
				CLANG_WARN_OBJC_ROOT_CLASS = YES_ERROR;
				CLANG_WARN_UNREACHABLE_CODE = YES;
				CLANG_WARN__DUPLICATE_METHOD_MATCH = YES;
				"CODE_SIGN_IDENTITY[sdk=iphoneos*]" = "iPhone Developer";
				COPY_PHASE_STRIP = NO;
				DEBUG_INFORMATION_FORMAT = "dwarf-with-dsym";
				ENABLE_NS_ASSERTIONS = NO;
				ENABLE_STRICT_OBJC_MSGSEND = YES;
				GCC_C_LANGUAGE_STANDARD = gnu99;
				GCC_NO_COMMON_BLOCKS = YES;
				GCC_WARN_64_TO_32_BIT_CONVERSION = YES;
				GCC_WARN_ABOUT_RETURN_TYPE = YES_ERROR;
				GCC_WARN_UNDECLARED_SELECTOR = YES;
				GCC_WARN_UNINITIALIZED_AUTOS = YES_AGGRESSIVE;
				GCC_WARN_UNUSED_FUNCTION = YES;
				GCC_WARN_UNUSED_VARIABLE = YES;
				IPHONEOS_DEPLOYMENT_TARGET = 9.3;
				MTL_ENABLE_DEBUG_INFO = NO;
				SDKROOT = iphoneos;
				TARGETED_DEVICE_FAMILY = "1,2";
				VALIDATE_PRODUCT = YES;
			};
			name = Release;
		};
		A00016D61D80B4980092A820 /* Debug */ = {
			isa = XCBuildConfiguration;
			buildSettings = {
				ASSETCATALOG_COMPILER_APPICON_NAME = AppIcon;
				CODE_SIGN_IDENTITY = "iPhone Developer";
				"CODE_SIGN_IDENTITY[sdk=iphoneos*]" = "iPhone Developer";
				INFOPLIST_FILE = PitchPerfect/Info.plist;
				LD_RUNPATH_SEARCH_PATHS = "$(inherited) @executable_path/Frameworks";
				PRODUCT_BUNDLE_IDENTIFIER = vahgar.PitchPerfect;
				PRODUCT_NAME = "$(TARGET_NAME)";
				PROVISIONING_PROFILE = "";
			};
			name = Debug;
		};
		A00016D71D80B4980092A820 /* Release */ = {
			isa = XCBuildConfiguration;
			buildSettings = {
				ASSETCATALOG_COMPILER_APPICON_NAME = AppIcon;
				CODE_SIGN_IDENTITY = "iPhone Developer";
				"CODE_SIGN_IDENTITY[sdk=iphoneos*]" = "iPhone Developer";
				INFOPLIST_FILE = PitchPerfect/Info.plist;
				LD_RUNPATH_SEARCH_PATHS = "$(inherited) @executable_path/Frameworks";
				PRODUCT_BUNDLE_IDENTIFIER = vahgar.PitchPerfect;
				PRODUCT_NAME = "$(TARGET_NAME)";
				PROVISIONING_PROFILE = "";
			};
			name = Release;
		};
		A00016D91D80B4980092A820 /* Debug */ = {
			isa = XCBuildConfiguration;
			buildSettings = {
				BUNDLE_LOADER = "$(TEST_HOST)";
				INFOPLIST_FILE = PitchPerfectTests/Info.plist;
				LD_RUNPATH_SEARCH_PATHS = "$(inherited) @executable_path/Frameworks @loader_path/Frameworks";
				PRODUCT_BUNDLE_IDENTIFIER = vahgar.PitchPerfectTests;
				PRODUCT_NAME = "$(TARGET_NAME)";
				TEST_HOST = "$(BUILT_PRODUCTS_DIR)/PitchPerfect.app/PitchPerfect";
			};
			name = Debug;
		};
		A00016DA1D80B4980092A820 /* Release */ = {
			isa = XCBuildConfiguration;
			buildSettings = {
				BUNDLE_LOADER = "$(TEST_HOST)";
				INFOPLIST_FILE = PitchPerfectTests/Info.plist;
				LD_RUNPATH_SEARCH_PATHS = "$(inherited) @executable_path/Frameworks @loader_path/Frameworks";
				PRODUCT_BUNDLE_IDENTIFIER = vahgar.PitchPerfectTests;
				PRODUCT_NAME = "$(TARGET_NAME)";
				TEST_HOST = "$(BUILT_PRODUCTS_DIR)/PitchPerfect.app/PitchPerfect";
			};
			name = Release;
		};
		A00016DC1D80B4980092A820 /* Debug */ = {
			isa = XCBuildConfiguration;
			buildSettings = {
				INFOPLIST_FILE = PitchPerfectUITests/Info.plist;
				LD_RUNPATH_SEARCH_PATHS = "$(inherited) @executable_path/Frameworks @loader_path/Frameworks";
				PRODUCT_BUNDLE_IDENTIFIER = vahgar.PitchPerfectUITests;
				PRODUCT_NAME = "$(TARGET_NAME)";
				TEST_TARGET_NAME = PitchPerfect;
			};
			name = Debug;
		};
		A00016DD1D80B4980092A820 /* Release */ = {
			isa = XCBuildConfiguration;
			buildSettings = {
				INFOPLIST_FILE = PitchPerfectUITests/Info.plist;
				LD_RUNPATH_SEARCH_PATHS = "$(inherited) @executable_path/Frameworks @loader_path/Frameworks";
				PRODUCT_BUNDLE_IDENTIFIER = vahgar.PitchPerfectUITests;
				PRODUCT_NAME = "$(TARGET_NAME)";
				TEST_TARGET_NAME = PitchPerfect;
			};
			name = Release;
		};
/* End XCBuildConfiguration section */

/* Begin XCConfigurationList section */
		A00016A81D80B4970092A820 /* Build configuration list for PBXProject "PitchPerfect" */ = {
			isa = XCConfigurationList;
			buildConfigurations = (
				A00016D31D80B4980092A820 /* Debug */,
				A00016D41D80B4980092A820 /* Release */,
			);
			defaultConfigurationIsVisible = 0;
			defaultConfigurationName = Release;
		};
		A00016D51D80B4980092A820 /* Build configuration list for PBXNativeTarget "PitchPerfect" */ = {
			isa = XCConfigurationList;
			buildConfigurations = (
				A00016D61D80B4980092A820 /* Debug */,
				A00016D71D80B4980092A820 /* Release */,
			);
			defaultConfigurationIsVisible = 0;
			defaultConfigurationName = Release;
		};
		A00016D81D80B4980092A820 /* Build configuration list for PBXNativeTarget "PitchPerfectTests" */ = {
			isa = XCConfigurationList;
			buildConfigurations = (
				A00016D91D80B4980092A820 /* Debug */,
				A00016DA1D80B4980092A820 /* Release */,
			);
			defaultConfigurationIsVisible = 0;
			defaultConfigurationName = Release;
		};
		A00016DB1D80B4980092A820 /* Build configuration list for PBXNativeTarget "PitchPerfectUITests" */ = {
			isa = XCConfigurationList;
			buildConfigurations = (
				A00016DC1D80B4980092A820 /* Debug */,
				A00016DD1D80B4980092A820 /* Release */,
			);
			defaultConfigurationIsVisible = 0;
			defaultConfigurationName = Release;
		};
/* End XCConfigurationList section */
	};
	rootObject = A00016A51D80B4970092A820 /* Project object */;
}
